// !$*UTF8*$!
{
	archiveVersion = 1;
	classes = {
	};
	objectVersion = 56;
	objects = {

/* Begin PBXBuildFile section */
		92491D348BE511817388C0FE /* Pods_CarBooking.framework in Frameworks */ = {isa = PBXBuildFile; fileRef = 3721A03E73C02C6B5164B736 /* Pods_CarBooking.framework */; };
		CF86AF7B2A20EE17007CBF18 /* EmptyStateView.swift in Sources */ = {isa = PBXBuildFile; fileRef = CF86AF7A2A20EE17007CBF18 /* EmptyStateView.swift */; };
		CF86AF7D2A20F71D007CBF18 /* FilterOptions.swift in Sources */ = {isa = PBXBuildFile; fileRef = CF86AF7C2A20F71D007CBF18 /* FilterOptions.swift */; };
		CFC9A2322A1D59DA00948A80 /* CarBookingApp.swift in Sources */ = {isa = PBXBuildFile; fileRef = CFC9A2312A1D59DA00948A80 /* CarBookingApp.swift */; };
		CFC9A2362A1D59DC00948A80 /* Assets.xcassets in Resources */ = {isa = PBXBuildFile; fileRef = CFC9A2352A1D59DC00948A80 /* Assets.xcassets */; };
		CFC9A2392A1D59DC00948A80 /* Preview Assets.xcassets in Resources */ = {isa = PBXBuildFile; fileRef = CFC9A2382A1D59DC00948A80 /* Preview Assets.xcassets */; };
		CFC9A2552A1D5AD400948A80 /* SampleData_success.json in Resources */ = {isa = PBXBuildFile; fileRef = CFC9A24E2A1D5AD400948A80 /* SampleData_success.json */; };
		CFC9A2562A1D5AD400948A80 /* SampleData_no_content.json in Resources */ = {isa = PBXBuildFile; fileRef = CFC9A24F2A1D5AD400948A80 /* SampleData_no_content.json */; };
		CFC9A2572A1D5AD400948A80 /* CarBookingTarget.swift in Sources */ = {isa = PBXBuildFile; fileRef = CFC9A2502A1D5AD400948A80 /* CarBookingTarget.swift */; };
		CFC9A2592A1D5AD400948A80 /* CarsResponse.swift in Sources */ = {isa = PBXBuildFile; fileRef = CFC9A2542A1D5AD400948A80 /* CarsResponse.swift */; };
		CFC9A25B2A1E412100948A80 /* CarListView.swift in Sources */ = {isa = PBXBuildFile; fileRef = CFC9A25A2A1E412100948A80 /* CarListView.swift */; };
		CFC9A25F2A1E41AE00948A80 /* CarListViewModel.swift in Sources */ = {isa = PBXBuildFile; fileRef = CFC9A25E2A1E41AE00948A80 /* CarListViewModel.swift */; };
		CFC9A2622A1E47C200948A80 /* CarsService.swift in Sources */ = {isa = PBXBuildFile; fileRef = CFC9A2612A1E47C200948A80 /* CarsService.swift */; };
		CFC9A2652A1E481400948A80 /* AppError.swift in Sources */ = {isa = PBXBuildFile; fileRef = CFC9A2642A1E481400948A80 /* AppError.swift */; };
		CFC9A2682A1EB74B00948A80 /* CarCell.swift in Sources */ = {isa = PBXBuildFile; fileRef = CFC9A2672A1EB74B00948A80 /* CarCell.swift */; };
		CFC9A26D2A1EBF6800948A80 /* Color+Name.swift in Sources */ = {isa = PBXBuildFile; fileRef = CFC9A26C2A1EBF6800948A80 /* Color+Name.swift */; };
		CFC9A2712A1EC5B700948A80 /* Double+SimplifiedPrice.swift in Sources */ = {isa = PBXBuildFile; fileRef = CFC9A2702A1EC5B700948A80 /* Double+SimplifiedPrice.swift */; };
		CFC9A2752A1ED23700948A80 /* FilterView.swift in Sources */ = {isa = PBXBuildFile; fileRef = CFC9A2742A1ED23700948A80 /* FilterView.swift */; };
		CFC9A2772A1EEA3F00948A80 /* ColorPaletteView.swift in Sources */ = {isa = PBXBuildFile; fileRef = CFC9A2762A1EEA3F00948A80 /* ColorPaletteView.swift */; };
		CFC9A2792A1F7ACA00948A80 /* FilterCriteria.swift in Sources */ = {isa = PBXBuildFile; fileRef = CFC9A2782A1F7ACA00948A80 /* FilterCriteria.swift */; };
		CFC9A27B2A1FD7B800948A80 /* AppState.swift in Sources */ = {isa = PBXBuildFile; fileRef = CFC9A27A2A1FD7B800948A80 /* AppState.swift */; };
		CFC9A27E2A1FD91E00948A80 /* LoadingView.swift in Sources */ = {isa = PBXBuildFile; fileRef = CFC9A27D2A1FD91E00948A80 /* LoadingView.swift */; };
		CFC9A2812A20D05B00948A80 /* CarDetailsView.swift in Sources */ = {isa = PBXBuildFile; fileRef = CFC9A2802A20D05B00948A80 /* CarDetailsView.swift */; };
/* End PBXBuildFile section */

/* Begin PBXFileReference section */
		26126C6E59A44FA71CDE79F3 /* Pods-CarBooking.debug.xcconfig */ = {isa = PBXFileReference; includeInIndex = 1; lastKnownFileType = text.xcconfig; name = "Pods-CarBooking.debug.xcconfig"; path = "Target Support Files/Pods-CarBooking/Pods-CarBooking.debug.xcconfig"; sourceTree = "<group>"; };
		3721A03E73C02C6B5164B736 /* Pods_CarBooking.framework */ = {isa = PBXFileReference; explicitFileType = wrapper.framework; includeInIndex = 0; path = Pods_CarBooking.framework; sourceTree = BUILT_PRODUCTS_DIR; };
		CF86AF7A2A20EE17007CBF18 /* EmptyStateView.swift */ = {isa = PBXFileReference; lastKnownFileType = sourcecode.swift; path = EmptyStateView.swift; sourceTree = "<group>"; };
		CF86AF7C2A20F71D007CBF18 /* FilterOptions.swift */ = {isa = PBXFileReference; lastKnownFileType = sourcecode.swift; path = FilterOptions.swift; sourceTree = "<group>"; };
		CFC9A22E2A1D59DA00948A80 /* CarBooking.app */ = {isa = PBXFileReference; explicitFileType = wrapper.application; includeInIndex = 0; path = CarBooking.app; sourceTree = BUILT_PRODUCTS_DIR; };
		CFC9A2312A1D59DA00948A80 /* CarBookingApp.swift */ = {isa = PBXFileReference; lastKnownFileType = sourcecode.swift; path = CarBookingApp.swift; sourceTree = "<group>"; };
		CFC9A2352A1D59DC00948A80 /* Assets.xcassets */ = {isa = PBXFileReference; lastKnownFileType = folder.assetcatalog; path = Assets.xcassets; sourceTree = "<group>"; };
		CFC9A2382A1D59DC00948A80 /* Preview Assets.xcassets */ = {isa = PBXFileReference; lastKnownFileType = folder.assetcatalog; path = "Preview Assets.xcassets"; sourceTree = "<group>"; };
		CFC9A24E2A1D5AD400948A80 /* SampleData_success.json */ = {isa = PBXFileReference; fileEncoding = 4; lastKnownFileType = text.json; path = SampleData_success.json; sourceTree = "<group>"; };
		CFC9A24F2A1D5AD400948A80 /* SampleData_no_content.json */ = {isa = PBXFileReference; fileEncoding = 4; lastKnownFileType = text.json; path = SampleData_no_content.json; sourceTree = "<group>"; };
		CFC9A2502A1D5AD400948A80 /* CarBookingTarget.swift */ = {isa = PBXFileReference; fileEncoding = 4; lastKnownFileType = sourcecode.swift; path = CarBookingTarget.swift; sourceTree = "<group>"; };
		CFC9A2542A1D5AD400948A80 /* CarsResponse.swift */ = {isa = PBXFileReference; fileEncoding = 4; lastKnownFileType = sourcecode.swift; path = CarsResponse.swift; sourceTree = "<group>"; };
		CFC9A25A2A1E412100948A80 /* CarListView.swift */ = {isa = PBXFileReference; lastKnownFileType = sourcecode.swift; path = CarListView.swift; sourceTree = "<group>"; };
		CFC9A25E2A1E41AE00948A80 /* CarListViewModel.swift */ = {isa = PBXFileReference; lastKnownFileType = sourcecode.swift; path = CarListViewModel.swift; sourceTree = "<group>"; };
		CFC9A2612A1E47C200948A80 /* CarsService.swift */ = {isa = PBXFileReference; lastKnownFileType = sourcecode.swift; path = CarsService.swift; sourceTree = "<group>"; };
		CFC9A2642A1E481400948A80 /* AppError.swift */ = {isa = PBXFileReference; lastKnownFileType = sourcecode.swift; path = AppError.swift; sourceTree = "<group>"; };
		CFC9A2672A1EB74B00948A80 /* CarCell.swift */ = {isa = PBXFileReference; lastKnownFileType = sourcecode.swift; path = CarCell.swift; sourceTree = "<group>"; };
		CFC9A26C2A1EBF6800948A80 /* Color+Name.swift */ = {isa = PBXFileReference; lastKnownFileType = sourcecode.swift; path = "Color+Name.swift"; sourceTree = "<group>"; };
		CFC9A2702A1EC5B700948A80 /* Double+SimplifiedPrice.swift */ = {isa = PBXFileReference; lastKnownFileType = sourcecode.swift; path = "Double+SimplifiedPrice.swift"; sourceTree = "<group>"; };
		CFC9A2742A1ED23700948A80 /* FilterView.swift */ = {isa = PBXFileReference; lastKnownFileType = sourcecode.swift; path = FilterView.swift; sourceTree = "<group>"; };
		CFC9A2762A1EEA3F00948A80 /* ColorPaletteView.swift */ = {isa = PBXFileReference; lastKnownFileType = sourcecode.swift; path = ColorPaletteView.swift; sourceTree = "<group>"; };
		CFC9A2782A1F7ACA00948A80 /* FilterCriteria.swift */ = {isa = PBXFileReference; lastKnownFileType = sourcecode.swift; path = FilterCriteria.swift; sourceTree = "<group>"; };
		CFC9A27A2A1FD7B800948A80 /* AppState.swift */ = {isa = PBXFileReference; lastKnownFileType = sourcecode.swift; path = AppState.swift; sourceTree = "<group>"; };
		CFC9A27D2A1FD91E00948A80 /* LoadingView.swift */ = {isa = PBXFileReference; lastKnownFileType = sourcecode.swift; path = LoadingView.swift; sourceTree = "<group>"; };
		CFC9A2802A20D05B00948A80 /* CarDetailsView.swift */ = {isa = PBXFileReference; lastKnownFileType = sourcecode.swift; path = CarDetailsView.swift; sourceTree = "<group>"; };
		F69F27F906539A2965B6DC48 /* Pods-CarBooking.release.xcconfig */ = {isa = PBXFileReference; includeInIndex = 1; lastKnownFileType = text.xcconfig; name = "Pods-CarBooking.release.xcconfig"; path = "Target Support Files/Pods-CarBooking/Pods-CarBooking.release.xcconfig"; sourceTree = "<group>"; };
/* End PBXFileReference section */

/* Begin PBXFrameworksBuildPhase section */
		CFC9A22B2A1D59DA00948A80 /* Frameworks */ = {
			isa = PBXFrameworksBuildPhase;
			buildActionMask = 2147483647;
			files = (
				92491D348BE511817388C0FE /* Pods_CarBooking.framework in Frameworks */,
			);
			runOnlyForDeploymentPostprocessing = 0;
		};
/* End PBXFrameworksBuildPhase section */

/* Begin PBXGroup section */
		08BBFD20F7119DBE160770DA /* Pods */ = {
			isa = PBXGroup;
			children = (
				26126C6E59A44FA71CDE79F3 /* Pods-CarBooking.debug.xcconfig */,
				F69F27F906539A2965B6DC48 /* Pods-CarBooking.release.xcconfig */,
			);
			path = Pods;
			sourceTree = "<group>";
		};
		CFC9A2252A1D59DA00948A80 = {
			isa = PBXGroup;
			children = (
				CFC9A2302A1D59DA00948A80 /* CarBooking */,
				CFC9A22F2A1D59DA00948A80 /* Products */,
				08BBFD20F7119DBE160770DA /* Pods */,
				F29E975321D9B5B4B1B551B7 /* Frameworks */,
			);
			sourceTree = "<group>";
		};
		CFC9A22F2A1D59DA00948A80 /* Products */ = {
			isa = PBXGroup;
			children = (
				CFC9A22E2A1D59DA00948A80 /* CarBooking.app */,
			);
			name = Products;
			sourceTree = "<group>";
		};
		CFC9A2302A1D59DA00948A80 /* CarBooking */ = {
			isa = PBXGroup;
			children = (
				CFC9A2312A1D59DA00948A80 /* CarBookingApp.swift */,
				CFC9A2602A1E47A500948A80 /* Services */,
				CFC9A25C2A1E414E00948A80 /* Views */,
				CFC9A2532A1D5AD400948A80 /* Models */,
				CFC9A24D2A1D5AD400948A80 /* Network */,
				CFC9A2632A1E480300948A80 /* Utils */,
				CFC9A26B2A1EBF5200948A80 /* Extensions */,
				CFC9A2352A1D59DC00948A80 /* Assets.xcassets */,
				CFC9A2372A1D59DC00948A80 /* Preview Content */,
			);
			path = CarBooking;
			sourceTree = "<group>";
		};
		CFC9A2372A1D59DC00948A80 /* Preview Content */ = {
			isa = PBXGroup;
			children = (
				CFC9A2382A1D59DC00948A80 /* Preview Assets.xcassets */,
			);
			path = "Preview Content";
			sourceTree = "<group>";
		};
		CFC9A24D2A1D5AD400948A80 /* Network */ = {
			isa = PBXGroup;
			children = (
				CFC9A2722A1ECD4400948A80 /* Stubs */,
				CFC9A2502A1D5AD400948A80 /* CarBookingTarget.swift */,
			);
			path = Network;
			sourceTree = "<group>";
		};
		CFC9A2532A1D5AD400948A80 /* Models */ = {
			isa = PBXGroup;
			children = (
				CFC9A2542A1D5AD400948A80 /* CarsResponse.swift */,
			);
			path = Models;
			sourceTree = "<group>";
		};
		CFC9A25C2A1E414E00948A80 /* Views */ = {
			isa = PBXGroup;
			children = (
				CFC9A25D2A1E419900948A80 /* CarList */,
				CFC9A2662A1EB73C00948A80 /* CarCell */,
				CFC9A27F2A20D04800948A80 /* CarDetailsView */,
				CFC9A2732A1ED22300948A80 /* FilterView */,
				CFC9A27C2A1FD90500948A80 /* States */,
			);
			path = Views;
			sourceTree = "<group>";
		};
		CFC9A25D2A1E419900948A80 /* CarList */ = {
			isa = PBXGroup;
			children = (
				CFC9A25A2A1E412100948A80 /* CarListView.swift */,
				CFC9A25E2A1E41AE00948A80 /* CarListViewModel.swift */,
			);
			path = CarList;
			sourceTree = "<group>";
		};
		CFC9A2602A1E47A500948A80 /* Services */ = {
			isa = PBXGroup;
			children = (
				CFC9A2612A1E47C200948A80 /* CarsService.swift */,
			);
			path = Services;
			sourceTree = "<group>";
		};
		CFC9A2632A1E480300948A80 /* Utils */ = {
			isa = PBXGroup;
			children = (
				CFC9A2642A1E481400948A80 /* AppError.swift */,
				CFC9A27A2A1FD7B800948A80 /* AppState.swift */,
			);
			path = Utils;
			sourceTree = "<group>";
		};
		CFC9A2662A1EB73C00948A80 /* CarCell */ = {
			isa = PBXGroup;
			children = (
				CFC9A2672A1EB74B00948A80 /* CarCell.swift */,
			);
			path = CarCell;
			sourceTree = "<group>";
		};
		CFC9A26B2A1EBF5200948A80 /* Extensions */ = {
			isa = PBXGroup;
			children = (
				CFC9A26C2A1EBF6800948A80 /* Color+Name.swift */,
				CFC9A2702A1EC5B700948A80 /* Double+SimplifiedPrice.swift */,
			);
			path = Extensions;
			sourceTree = "<group>";
		};
		CFC9A2722A1ECD4400948A80 /* Stubs */ = {
			isa = PBXGroup;
			children = (
				CFC9A24E2A1D5AD400948A80 /* SampleData_success.json */,
				CFC9A24F2A1D5AD400948A80 /* SampleData_no_content.json */,
			);
			path = Stubs;
			sourceTree = "<group>";
		};
		CFC9A2732A1ED22300948A80 /* FilterView */ = {
			isa = PBXGroup;
			children = (
				CFC9A2742A1ED23700948A80 /* FilterView.swift */,
				CFC9A2782A1F7ACA00948A80 /* FilterCriteria.swift */,
				CF86AF7C2A20F71D007CBF18 /* FilterOptions.swift */,
				CFC9A2762A1EEA3F00948A80 /* ColorPaletteView.swift */,
			);
			path = FilterView;
			sourceTree = "<group>";
		};
		CFC9A27C2A1FD90500948A80 /* States */ = {
			isa = PBXGroup;
			children = (
				CFC9A27D2A1FD91E00948A80 /* LoadingView.swift */,
				CF86AF7A2A20EE17007CBF18 /* EmptyStateView.swift */,
			);
			path = States;
			sourceTree = "<group>";
		};
		CFC9A27F2A20D04800948A80 /* CarDetailsView */ = {
			isa = PBXGroup;
			children = (
				CFC9A2802A20D05B00948A80 /* CarDetailsView.swift */,
			);
			path = CarDetailsView;
			sourceTree = "<group>";
		};
		F29E975321D9B5B4B1B551B7 /* Frameworks */ = {
			isa = PBXGroup;
			children = (
				3721A03E73C02C6B5164B736 /* Pods_CarBooking.framework */,
			);
			name = Frameworks;
			sourceTree = "<group>";
		};
/* End PBXGroup section */

/* Begin PBXNativeTarget section */
		CFC9A22D2A1D59DA00948A80 /* CarBooking */ = {
			isa = PBXNativeTarget;
			buildConfigurationList = CFC9A23C2A1D59DC00948A80 /* Build configuration list for PBXNativeTarget "CarBooking" */;
			buildPhases = (
				97DB8CC83682C0B44EFA087E /* [CP] Check Pods Manifest.lock */,
				CFC9A22A2A1D59DA00948A80 /* Sources */,
				CFC9A22B2A1D59DA00948A80 /* Frameworks */,
				CFC9A22C2A1D59DA00948A80 /* Resources */,
				087E6FE8A87401752C44241F /* [CP] Embed Pods Frameworks */,
			);
			buildRules = (
			);
			dependencies = (
			);
			name = CarBooking;
			productName = CarBooking;
			productReference = CFC9A22E2A1D59DA00948A80 /* CarBooking.app */;
			productType = "com.apple.product-type.application";
		};
/* End PBXNativeTarget section */

/* Begin PBXProject section */
		CFC9A2262A1D59DA00948A80 /* Project object */ = {
			isa = PBXProject;
			attributes = {
				BuildIndependentTargetsInParallel = 1;
				LastSwiftUpdateCheck = 1430;
				LastUpgradeCheck = 1430;
				TargetAttributes = {
					CFC9A22D2A1D59DA00948A80 = {
						CreatedOnToolsVersion = 14.3;
					};
				};
			};
			buildConfigurationList = CFC9A2292A1D59DA00948A80 /* Build configuration list for PBXProject "CarBooking" */;
			compatibilityVersion = "Xcode 14.0";
			developmentRegion = en;
			hasScannedForEncodings = 0;
			knownRegions = (
				en,
				Base,
			);
			mainGroup = CFC9A2252A1D59DA00948A80;
			productRefGroup = CFC9A22F2A1D59DA00948A80 /* Products */;
			projectDirPath = "";
			projectRoot = "";
			targets = (
				CFC9A22D2A1D59DA00948A80 /* CarBooking */,
			);
		};
/* End PBXProject section */

/* Begin PBXResourcesBuildPhase section */
		CFC9A22C2A1D59DA00948A80 /* Resources */ = {
			isa = PBXResourcesBuildPhase;
			buildActionMask = 2147483647;
			files = (
				CFC9A2562A1D5AD400948A80 /* SampleData_no_content.json in Resources */,
				CFC9A2392A1D59DC00948A80 /* Preview Assets.xcassets in Resources */,
				CFC9A2362A1D59DC00948A80 /* Assets.xcassets in Resources */,
				CFC9A2552A1D5AD400948A80 /* SampleData_success.json in Resources */,
			);
			runOnlyForDeploymentPostprocessing = 0;
		};
/* End PBXResourcesBuildPhase section */

/* Begin PBXShellScriptBuildPhase section */
		087E6FE8A87401752C44241F /* [CP] Embed Pods Frameworks */ = {
			isa = PBXShellScriptBuildPhase;
			buildActionMask = 2147483647;
			files = (
			);
			inputFileListPaths = (
				"${PODS_ROOT}/Target Support Files/Pods-CarBooking/Pods-CarBooking-frameworks-${CONFIGURATION}-input-files.xcfilelist",
			);
			name = "[CP] Embed Pods Frameworks";
			outputFileListPaths = (
				"${PODS_ROOT}/Target Support Files/Pods-CarBooking/Pods-CarBooking-frameworks-${CONFIGURATION}-output-files.xcfilelist",
			);
			runOnlyForDeploymentPostprocessing = 0;
			shellPath = /bin/sh;
			shellScript = "\"${PODS_ROOT}/Target Support Files/Pods-CarBooking/Pods-CarBooking-frameworks.sh\"\n";
			showEnvVarsInLog = 0;
		};
		97DB8CC83682C0B44EFA087E /* [CP] Check Pods Manifest.lock */ = {
			isa = PBXShellScriptBuildPhase;
			buildActionMask = 2147483647;
			files = (
			);
			inputFileListPaths = (
			);
			inputPaths = (
				"${PODS_PODFILE_DIR_PATH}/Podfile.lock",
				"${PODS_ROOT}/Manifest.lock",
			);
			name = "[CP] Check Pods Manifest.lock";
			outputFileListPaths = (
			);
			outputPaths = (
				"$(DERIVED_FILE_DIR)/Pods-CarBooking-checkManifestLockResult.txt",
			);
			runOnlyForDeploymentPostprocessing = 0;
			shellPath = /bin/sh;
			shellScript = "diff \"${PODS_PODFILE_DIR_PATH}/Podfile.lock\" \"${PODS_ROOT}/Manifest.lock\" > /dev/null\nif [ $? != 0 ] ; then\n    # print error to STDERR\n    echo \"error: The sandbox is not in sync with the Podfile.lock. Run 'pod install' or update your CocoaPods installation.\" >&2\n    exit 1\nfi\n# This output is used by Xcode 'outputs' to avoid re-running this script phase.\necho \"SUCCESS\" > \"${SCRIPT_OUTPUT_FILE_0}\"\n";
			showEnvVarsInLog = 0;
		};
/* End PBXShellScriptBuildPhase section */

/* Begin PBXSourcesBuildPhase section */
		CFC9A22A2A1D59DA00948A80 /* Sources */ = {
			isa = PBXSourcesBuildPhase;
			buildActionMask = 2147483647;
			files = (
				CFC9A2752A1ED23700948A80 /* FilterView.swift in Sources */,
				CFC9A25F2A1E41AE00948A80 /* CarListViewModel.swift in Sources */,
				CFC9A2572A1D5AD400948A80 /* CarBookingTarget.swift in Sources */,
				CFC9A2792A1F7ACA00948A80 /* FilterCriteria.swift in Sources */,
				CFC9A2772A1EEA3F00948A80 /* ColorPaletteView.swift in Sources */,
				CF86AF7B2A20EE17007CBF18 /* EmptyStateView.swift in Sources */,
				CF86AF7D2A20F71D007CBF18 /* FilterOptions.swift in Sources */,
				CFC9A25B2A1E412100948A80 /* CarListView.swift in Sources */,
				CFC9A2812A20D05B00948A80 /* CarDetailsView.swift in Sources */,
				CFC9A2592A1D5AD400948A80 /* CarsResponse.swift in Sources */,
				CFC9A2622A1E47C200948A80 /* CarsService.swift in Sources */,
				CFC9A27E2A1FD91E00948A80 /* LoadingView.swift in Sources */,
				CFC9A2322A1D59DA00948A80 /* CarBookingApp.swift in Sources */,
				CFC9A27B2A1FD7B800948A80 /* AppState.swift in Sources */,
				CFC9A2682A1EB74B00948A80 /* CarCell.swift in Sources */,
				CFC9A26D2A1EBF6800948A80 /* Color+Name.swift in Sources */,
				CFC9A2652A1E481400948A80 /* AppError.swift in Sources */,
				CFC9A2712A1EC5B700948A80 /* Double+SimplifiedPrice.swift in Sources */,
			);
			runOnlyForDeploymentPostprocessing = 0;
		};
/* End PBXSourcesBuildPhase section */

/* Begin XCBuildConfiguration section */
		CFC9A23A2A1D59DC00948A80 /* Debug */ = {
			isa = XCBuildConfiguration;
			buildSettings = {
				ALWAYS_SEARCH_USER_PATHS = NO;
				CLANG_ANALYZER_NONNULL = YES;
				CLANG_ANALYZER_NUMBER_OBJECT_CONVERSION = YES_AGGRESSIVE;
				CLANG_CXX_LANGUAGE_STANDARD = "gnu++20";
				CLANG_ENABLE_MODULES = YES;
				CLANG_ENABLE_OBJC_ARC = YES;
				CLANG_ENABLE_OBJC_WEAK = YES;
				CLANG_WARN_BLOCK_CAPTURE_AUTORELEASING = YES;
				CLANG_WARN_BOOL_CONVERSION = YES;
				CLANG_WARN_COMMA = YES;
				CLANG_WARN_CONSTANT_CONVERSION = YES;
				CLANG_WARN_DEPRECATED_OBJC_IMPLEMENTATIONS = YES;
				CLANG_WARN_DIRECT_OBJC_ISA_USAGE = YES_ERROR;
				CLANG_WARN_DOCUMENTATION_COMMENTS = YES;
				CLANG_WARN_EMPTY_BODY = YES;
				CLANG_WARN_ENUM_CONVERSION = YES;
				CLANG_WARN_INFINITE_RECURSION = YES;
				CLANG_WARN_INT_CONVERSION = YES;
				CLANG_WARN_NON_LITERAL_NULL_CONVERSION = YES;
				CLANG_WARN_OBJC_IMPLICIT_RETAIN_SELF = YES;
				CLANG_WARN_OBJC_LITERAL_CONVERSION = YES;
				CLANG_WARN_OBJC_ROOT_CLASS = YES_ERROR;
				CLANG_WARN_QUOTED_INCLUDE_IN_FRAMEWORK_HEADER = YES;
				CLANG_WARN_RANGE_LOOP_ANALYSIS = YES;
				CLANG_WARN_STRICT_PROTOTYPES = YES;
				CLANG_WARN_SUSPICIOUS_MOVE = YES;
				CLANG_WARN_UNGUARDED_AVAILABILITY = YES_AGGRESSIVE;
				CLANG_WARN_UNREACHABLE_CODE = YES;
				CLANG_WARN__DUPLICATE_METHOD_MATCH = YES;
				COPY_PHASE_STRIP = NO;
				DEBUG_INFORMATION_FORMAT = dwarf;
				ENABLE_STRICT_OBJC_MSGSEND = YES;
				ENABLE_TESTABILITY = YES;
				GCC_C_LANGUAGE_STANDARD = gnu11;
				GCC_DYNAMIC_NO_PIC = NO;
				GCC_NO_COMMON_BLOCKS = YES;
				GCC_OPTIMIZATION_LEVEL = 0;
				GCC_PREPROCESSOR_DEFINITIONS = (
					"DEBUG=1",
					"$(inherited)",
				);
				GCC_WARN_64_TO_32_BIT_CONVERSION = YES;
				GCC_WARN_ABOUT_RETURN_TYPE = YES_ERROR;
				GCC_WARN_UNDECLARED_SELECTOR = YES;
				GCC_WARN_UNINITIALIZED_AUTOS = YES_AGGRESSIVE;
				GCC_WARN_UNUSED_FUNCTION = YES;
				GCC_WARN_UNUSED_VARIABLE = YES;
				IPHONEOS_DEPLOYMENT_TARGET = 16.4;
				MTL_ENABLE_DEBUG_INFO = INCLUDE_SOURCE;
				MTL_FAST_MATH = YES;
				ONLY_ACTIVE_ARCH = YES;
				SDKROOT = iphoneos;
				SWIFT_ACTIVE_COMPILATION_CONDITIONS = DEBUG;
				SWIFT_OPTIMIZATION_LEVEL = "-Onone";
			};
			name = Debug;
		};
		CFC9A23B2A1D59DC00948A80 /* Release */ = {
			isa = XCBuildConfiguration;
			buildSettings = {
				ALWAYS_SEARCH_USER_PATHS = NO;
				CLANG_ANALYZER_NONNULL = YES;
				CLANG_ANALYZER_NUMBER_OBJECT_CONVERSION = YES_AGGRESSIVE;
				CLANG_CXX_LANGUAGE_STANDARD = "gnu++20";
				CLANG_ENABLE_MODULES = YES;
				CLANG_ENABLE_OBJC_ARC = YES;
				CLANG_ENABLE_OBJC_WEAK = YES;
				CLANG_WARN_BLOCK_CAPTURE_AUTORELEASING = YES;
				CLANG_WARN_BOOL_CONVERSION = YES;
				CLANG_WARN_COMMA = YES;
				CLANG_WARN_CONSTANT_CONVERSION = YES;
				CLANG_WARN_DEPRECATED_OBJC_IMPLEMENTATIONS = YES;
				CLANG_WARN_DIRECT_OBJC_ISA_USAGE = YES_ERROR;
				CLANG_WARN_DOCUMENTATION_COMMENTS = YES;
				CLANG_WARN_EMPTY_BODY = YES;
				CLANG_WARN_ENUM_CONVERSION = YES;
				CLANG_WARN_INFINITE_RECURSION = YES;
				CLANG_WARN_INT_CONVERSION = YES;
				CLANG_WARN_NON_LITERAL_NULL_CONVERSION = YES;
				CLANG_WARN_OBJC_IMPLICIT_RETAIN_SELF = YES;
				CLANG_WARN_OBJC_LITERAL_CONVERSION = YES;
				CLANG_WARN_OBJC_ROOT_CLASS = YES_ERROR;
				CLANG_WARN_QUOTED_INCLUDE_IN_FRAMEWORK_HEADER = YES;
				CLANG_WARN_RANGE_LOOP_ANALYSIS = YES;
				CLANG_WARN_STRICT_PROTOTYPES = YES;
				CLANG_WARN_SUSPICIOUS_MOVE = YES;
				CLANG_WARN_UNGUARDED_AVAILABILITY = YES_AGGRESSIVE;
				CLANG_WARN_UNREACHABLE_CODE = YES;
				CLANG_WARN__DUPLICATE_METHOD_MATCH = YES;
				COPY_PHASE_STRIP = NO;
				DEBUG_INFORMATION_FORMAT = "dwarf-with-dsym";
				ENABLE_NS_ASSERTIONS = NO;
				ENABLE_STRICT_OBJC_MSGSEND = YES;
				GCC_C_LANGUAGE_STANDARD = gnu11;
				GCC_NO_COMMON_BLOCKS = YES;
				GCC_WARN_64_TO_32_BIT_CONVERSION = YES;
				GCC_WARN_ABOUT_RETURN_TYPE = YES_ERROR;
				GCC_WARN_UNDECLARED_SELECTOR = YES;
				GCC_WARN_UNINITIALIZED_AUTOS = YES_AGGRESSIVE;
				GCC_WARN_UNUSED_FUNCTION = YES;
				GCC_WARN_UNUSED_VARIABLE = YES;
				IPHONEOS_DEPLOYMENT_TARGET = 16.4;
				MTL_ENABLE_DEBUG_INFO = NO;
				MTL_FAST_MATH = YES;
				SDKROOT = iphoneos;
				SWIFT_COMPILATION_MODE = wholemodule;
				SWIFT_OPTIMIZATION_LEVEL = "-O";
				VALIDATE_PRODUCT = YES;
			};
			name = Release;
		};
		CFC9A23D2A1D59DC00948A80 /* Debug */ = {
			isa = XCBuildConfiguration;
			baseConfigurationReference = 26126C6E59A44FA71CDE79F3 /* Pods-CarBooking.debug.xcconfig */;
			buildSettings = {
				ASSETCATALOG_COMPILER_APPICON_NAME = AppIcon;
				ASSETCATALOG_COMPILER_GLOBAL_ACCENT_COLOR_NAME = AccentColor;
				CODE_SIGN_STYLE = Automatic;
				CURRENT_PROJECT_VERSION = 1;
				DEVELOPMENT_ASSET_PATHS = "\"CarBooking/Preview Content\"";
				ENABLE_PREVIEWS = YES;
				GENERATE_INFOPLIST_FILE = YES;
				INFOPLIST_KEY_UIApplicationSceneManifest_Generation = YES;
				INFOPLIST_KEY_UIApplicationSupportsIndirectInputEvents = YES;
				INFOPLIST_KEY_UILaunchScreen_Generation = YES;
				INFOPLIST_KEY_UISupportedInterfaceOrientations_iPad = "UIInterfaceOrientationPortrait UIInterfaceOrientationPortraitUpsideDown UIInterfaceOrientationLandscapeLeft UIInterfaceOrientationLandscapeRight";
				INFOPLIST_KEY_UISupportedInterfaceOrientations_iPhone = "UIInterfaceOrientationPortrait UIInterfaceOrientationLandscapeLeft UIInterfaceOrientationLandscapeRight";
				LD_RUNPATH_SEARCH_PATHS = (
					"$(inherited)",
					"@executable_path/Frameworks",
				);
				MARKETING_VERSION = 1.0;
				PRODUCT_BUNDLE_IDENTIFIER = com.MohamedAENasser.CarBooking;
				PRODUCT_NAME = "$(TARGET_NAME)";
				SWIFT_EMIT_LOC_STRINGS = YES;
				SWIFT_VERSION = 5.0;
				TARGETED_DEVICE_FAMILY = "1,2";
			};
			name = Debug;
		};
		CFC9A23E2A1D59DC00948A80 /* Release */ = {
			isa = XCBuildConfiguration;
			baseConfigurationReference = F69F27F906539A2965B6DC48 /* Pods-CarBooking.release.xcconfig */;
			buildSettings = {
				ASSETCATALOG_COMPILER_APPICON_NAME = AppIcon;
				ASSETCATALOG_COMPILER_GLOBAL_ACCENT_COLOR_NAME = AccentColor;
				CODE_SIGN_STYLE = Automatic;
				CURRENT_PROJECT_VERSION = 1;
				DEVELOPMENT_ASSET_PATHS = "\"CarBooking/Preview Content\"";
				ENABLE_PREVIEWS = YES;
				GENERATE_INFOPLIST_FILE = YES;
				INFOPLIST_KEY_UIApplicationSceneManifest_Generation = YES;
				INFOPLIST_KEY_UIApplicationSupportsIndirectInputEvents = YES;
				INFOPLIST_KEY_UILaunchScreen_Generation = YES;
				INFOPLIST_KEY_UISupportedInterfaceOrientations_iPad = "UIInterfaceOrientationPortrait UIInterfaceOrientationPortraitUpsideDown UIInterfaceOrientationLandscapeLeft UIInterfaceOrientationLandscapeRight";
				INFOPLIST_KEY_UISupportedInterfaceOrientations_iPhone = "UIInterfaceOrientationPortrait UIInterfaceOrientationLandscapeLeft UIInterfaceOrientationLandscapeRight";
				LD_RUNPATH_SEARCH_PATHS = (
					"$(inherited)",
					"@executable_path/Frameworks",
				);
				MARKETING_VERSION = 1.0;
				PRODUCT_BUNDLE_IDENTIFIER = com.MohamedAENasser.CarBooking;
				PRODUCT_NAME = "$(TARGET_NAME)";
				SWIFT_EMIT_LOC_STRINGS = YES;
				SWIFT_VERSION = 5.0;
				TARGETED_DEVICE_FAMILY = "1,2";
			};
			name = Release;
		};
/* End XCBuildConfiguration section */

/* Begin XCConfigurationList section */
		CFC9A2292A1D59DA00948A80 /* Build configuration list for PBXProject "CarBooking" */ = {
			isa = XCConfigurationList;
			buildConfigurations = (
				CFC9A23A2A1D59DC00948A80 /* Debug */,
				CFC9A23B2A1D59DC00948A80 /* Release */,
			);
			defaultConfigurationIsVisible = 0;
			defaultConfigurationName = Release;
		};
		CFC9A23C2A1D59DC00948A80 /* Build configuration list for PBXNativeTarget "CarBooking" */ = {
			isa = XCConfigurationList;
			buildConfigurations = (
				CFC9A23D2A1D59DC00948A80 /* Debug */,
				CFC9A23E2A1D59DC00948A80 /* Release */,
			);
			defaultConfigurationIsVisible = 0;
			defaultConfigurationName = Release;
		};
/* End XCConfigurationList section */
	};
	rootObject = CFC9A2262A1D59DA00948A80 /* Project object */;
}
